
Microsoft Visual Studio Solution File, Format Version 12.00
# Visual Studio 15
VisualStudioVersion = 15.0.26124.0
MinimumVisualStudioVersion = 15.0.26124.0
Project("{FAE04EC0-301F-11D3-BF4B-00C04F79EFBC}") = "QuickBuy.Dominio", "QuickBuy.Dominio\QuickBuy.Dominio.csproj", "{29CE587F-76F3-48B0-BE9B-A6A9F5BB35C6}"
EndProject
Project("{FAE04EC0-301F-11D3-BF4B-00C04F79EFBC}") = "QuickBuy.Repositorio", "QuickBuy.Repositorio\QuickBuy.Repositorio.csproj", "{FE6986BA-F354-49C7-BFE1-2F706FB9C635}"
EndProject
Project("{FAE04EC0-301F-11D3-BF4B-00C04F79EFBC}") = "QuickBuy.Web", "QuickBuy.Web\QuickBuy.Web.csproj", "{E63A7D7D-D0A5-4DAE-BCCC-DDD4D23D4A6D}"
EndProject
Global
	GlobalSection(SolutionConfigurationPlatforms) = preSolution
		Debug|Any CPU = Debug|Any CPU
		Debug|x64 = Debug|x64
		Debug|x86 = Debug|x86
		Release|Any CPU = Release|Any CPU
		Release|x64 = Release|x64
		Release|x86 = Release|x86
	EndGlobalSection
	GlobalSection(SolutionProperties) = preSolution
		HideSolutionNode = FALSE
	EndGlobalSection
	GlobalSection(ProjectConfigurationPlatforms) = postSolution
		{29CE587F-76F3-48B0-BE9B-A6A9F5BB35C6}.Debug|Any CPU.ActiveCfg = Debug|Any CPU
		{29CE587F-76F3-48B0-BE9B-A6A9F5BB35C6}.Debug|Any CPU.Build.0 = Debug|Any CPU
		{29CE587F-76F3-48B0-BE9B-A6A9F5BB35C6}.Debug|x64.ActiveCfg = Debug|Any CPU
		{29CE587F-76F3-48B0-BE9B-A6A9F5BB35C6}.Debug|x64.Build.0 = Debug|Any CPU
		{29CE587F-76F3-48B0-BE9B-A6A9F5BB35C6}.Debug|x86.ActiveCfg = Debug|Any CPU
		{29CE587F-76F3-48B0-BE9B-A6A9F5BB35C6}.Debug|x86.Build.0 = Debug|Any CPU
		{29CE587F-76F3-48B0-BE9B-A6A9F5BB35C6}.Release|Any CPU.ActiveCfg = Release|Any CPU
		{29CE587F-76F3-48B0-BE9B-A6A9F5BB35C6}.Release|Any CPU.Build.0 = Release|Any CPU
		{29CE587F-76F3-48B0-BE9B-A6A9F5BB35C6}.Release|x64.ActiveCfg = Release|Any CPU
		{29CE587F-76F3-48B0-BE9B-A6A9F5BB35C6}.Release|x64.Build.0 = Release|Any CPU
		{29CE587F-76F3-48B0-BE9B-A6A9F5BB35C6}.Release|x86.ActiveCfg = Release|Any CPU
		{29CE587F-76F3-48B0-BE9B-A6A9F5BB35C6}.Release|x86.Build.0 = Release|Any CPU
		{FE6986BA-F354-49C7-BFE1-2F706FB9C635}.Debug|Any CPU.ActiveCfg = Debug|Any CPU
		{FE6986BA-F354-49C7-BFE1-2F706FB9C635}.Debug|Any CPU.Build.0 = Debug|Any CPU
		{FE6986BA-F354-49C7-BFE1-2F706FB9C635}.Debug|x64.ActiveCfg = Debug|Any CPU
		{FE6986BA-F354-49C7-BFE1-2F706FB9C635}.Debug|x64.Build.0 = Debug|Any CPU
		{FE6986BA-F354-49C7-BFE1-2F706FB9C635}.Debug|x86.ActiveCfg = Debug|Any CPU
		{FE6986BA-F354-49C7-BFE1-2F706FB9C635}.Debug|x86.Build.0 = Debug|Any CPU
		{FE6986BA-F354-49C7-BFE1-2F706FB9C635}.Release|Any CPU.ActiveCfg = Release|Any CPU
		{FE6986BA-F354-49C7-BFE1-2F706FB9C635}.Release|Any CPU.Build.0 = Release|Any CPU
		{FE6986BA-F354-49C7-BFE1-2F706FB9C635}.Release|x64.ActiveCfg = Release|Any CPU
		{FE6986BA-F354-49C7-BFE1-2F706FB9C635}.Release|x64.Build.0 = Release|Any CPU
		{FE6986BA-F354-49C7-BFE1-2F706FB9C635}.Release|x86.ActiveCfg = Release|Any CPU
		{FE6986BA-F354-49C7-BFE1-2F706FB9C635}.Release|x86.Build.0 = Release|Any CPU
		{E63A7D7D-D0A5-4DAE-BCCC-DDD4D23D4A6D}.Debug|Any CPU.ActiveCfg = Debug|Any CPU
		{E63A7D7D-D0A5-4DAE-BCCC-DDD4D23D4A6D}.Debug|Any CPU.Build.0 = Debug|Any CPU
		{E63A7D7D-D0A5-4DAE-BCCC-DDD4D23D4A6D}.Debug|x64.ActiveCfg = Debug|Any CPU
		{E63A7D7D-D0A5-4DAE-BCCC-DDD4D23D4A6D}.Debug|x64.Build.0 = Debug|Any CPU
		{E63A7D7D-D0A5-4DAE-BCCC-DDD4D23D4A6D}.Debug|x86.ActiveCfg = Debug|Any CPU
		{E63A7D7D-D0A5-4DAE-BCCC-DDD4D23D4A6D}.Debug|x86.Build.0 = Debug|Any CPU
		{E63A7D7D-D0A5-4DAE-BCCC-DDD4D23D4A6D}.Release|Any CPU.ActiveCfg = Release|Any CPU
		{E63A7D7D-D0A5-4DAE-BCCC-DDD4D23D4A6D}.Release|Any CPU.Build.0 = Release|Any CPU
		{E63A7D7D-D0A5-4DAE-BCCC-DDD4D23D4A6D}.Release|x64.ActiveCfg = Release|Any CPU
		{E63A7D7D-D0A5-4DAE-BCCC-DDD4D23D4A6D}.Release|x64.Build.0 = Release|Any CPU
		{E63A7D7D-D0A5-4DAE-BCCC-DDD4D23D4A6D}.Release|x86.ActiveCfg = Release|Any CPU
		{E63A7D7D-D0A5-4DAE-BCCC-DDD4D23D4A6D}.Release|x86.Build.0 = Release|Any CPU
	EndGlobalSection
EndGlobal
